<Solution>
  <Folder Name="/src/">
    <Project Path="src/FuzzySat.Api/FuzzySat.Api.csproj" />
    <Project Path="src/FuzzySat.CLI/FuzzySat.CLI.csproj" />
    <Project Path="src/FuzzySat.Core/FuzzySat.Core.csproj" />
    <Project Path="src/FuzzySat.Web/FuzzySat.Web.csproj" />
  </Folder>
  <Folder Name="/tests/">
    <Project Path="tests/FuzzySat.Core.Tests/FuzzySat.Core.Tests.csproj" />
    <Project Path="tests/FuzzySat.Web.Tests/FuzzySat.Web.Tests.csproj" />
  </Folder>
</Solution>
